// !$*UTF8*$!
{
	archiveVersion = 1;
	classes = {
	};
	objectVersion = 77;
	objects = {

/* Begin PBXBuildFile section */
		4B0AF0FE2F1518BB00ED58FA /* DamagoNetwork in Frameworks */ = {isa = PBXBuildFile; productRef = 4B0AF0FD2F1518BB00ED58FA /* DamagoNetwork */; };
		4B0AF1002F1518C000ED58FA /* DamagoNetwork in Frameworks */ = {isa = PBXBuildFile; productRef = 4B0AF0FF2F1518C000ED58FA /* DamagoNetwork */; };
		4B1E302D2EF16EDC00EB96A1 /* WidgetKit.framework in Frameworks */ = {isa = PBXBuildFile; fileRef = 4B1E302C2EF16EDC00EB96A1 /* WidgetKit.framework */; };
		4B1E302F2EF16EDC00EB96A1 /* SwiftUI.framework in Frameworks */ = {isa = PBXBuildFile; fileRef = 4B1E302E2EF16EDC00EB96A1 /* SwiftUI.framework */; };
		4B1E303E2EF16EDD00EB96A1 /* DamagoWidgetExtension.appex in Embed Foundation Extensions */ = {isa = PBXBuildFile; fileRef = 4B1E302A2EF16EDC00EB96A1 /* DamagoWidgetExtension.appex */; settings = {ATTRIBUTES = (RemoveHeadersOnCopy, ); }; };
		DF2969722EF1564B0096DB9E /* FirebaseAuth in Frameworks */ = {isa = PBXBuildFile; productRef = DF2969712EF1564B0096DB9E /* FirebaseAuth */; };
		DF2969742EF1564B0096DB9E /* FirebaseCore in Frameworks */ = {isa = PBXBuildFile; productRef = DF2969732EF1564B0096DB9E /* FirebaseCore */; };
		DF2969762EF1564B0096DB9E /* FirebaseFirestore in Frameworks */ = {isa = PBXBuildFile; productRef = DF2969752EF1564B0096DB9E /* FirebaseFirestore */; };
		DF29697A2EF1564B0096DB9E /* FirebaseMessaging in Frameworks */ = {isa = PBXBuildFile; productRef = DF2969792EF1564B0096DB9E /* FirebaseMessaging */; };
		DFE8A4F32F17D3AF0008E70B /* FirebaseAuth in Frameworks */ = {isa = PBXBuildFile; productRef = DFE8A4F22F17D3AF0008E70B /* FirebaseAuth */; };
		DFE8A4F52F17D3AF0008E70B /* FirebaseCore in Frameworks */ = {isa = PBXBuildFile; productRef = DFE8A4F42F17D3AF0008E70B /* FirebaseCore */; };
/* End PBXBuildFile section */

/* Begin PBXContainerItemProxy section */
		4B1E303C2EF16EDD00EB96A1 /* PBXContainerItemProxy */ = {
			isa = PBXContainerItemProxy;
			containerPortal = 4B5FE2CC2EF130B6005E31DA /* Project object */;
			proxyType = 1;
			remoteGlobalIDString = 4B1E30292EF16EDC00EB96A1;
			remoteInfo = DamagoWidgetExtension;
		};
		4B46407A2F308262005E4F34 /* PBXContainerItemProxy */ = {
			isa = PBXContainerItemProxy;
			containerPortal = 4B5FE2CC2EF130B6005E31DA /* Project object */;
			proxyType = 1;
			remoteGlobalIDString = 4B5FE2D32EF130B6005E31DA;
			remoteInfo = Damago;
		};
		7AF280442F33102E00FCB3CF /* PBXContainerItemProxy */ = {
			isa = PBXContainerItemProxy;
			containerPortal = 4B5FE2CC2EF130B6005E31DA /* Project object */;
			proxyType = 1;
			remoteGlobalIDString = 4B5FE2D32EF130B6005E31DA;
			remoteInfo = Damago;
		};
/* End PBXContainerItemProxy section */

/* Begin PBXCopyFilesBuildPhase section */
		4B1E303F2EF16EDD00EB96A1 /* Embed Foundation Extensions */ = {
			isa = PBXCopyFilesBuildPhase;
			buildActionMask = 2147483647;
			dstPath = "";
			dstSubfolderSpec = 13;
			files = (
				4B1E303E2EF16EDD00EB96A1 /* DamagoWidgetExtension.appex in Embed Foundation Extensions */,
			);
			name = "Embed Foundation Extensions";
			runOnlyForDeploymentPostprocessing = 0;
		};
/* End PBXCopyFilesBuildPhase section */

/* Begin PBXFileReference section */
		2903EFF02F33673800CB0EF8 /* Damago.xctestplan */ = {isa = PBXFileReference; lastKnownFileType = text; path = Damago.xctestplan; sourceTree = "<group>"; };
		4B0AF0FC2F15184E00ED58FA /* DamagoNetwork */ = {isa = PBXFileReference; lastKnownFileType = wrapper; path = DamagoNetwork; sourceTree = "<group>"; };
		4B1E302A2EF16EDC00EB96A1 /* DamagoWidgetExtension.appex */ = {isa = PBXFileReference; explicitFileType = "wrapper.app-extension"; includeInIndex = 0; path = DamagoWidgetExtension.appex; sourceTree = BUILT_PRODUCTS_DIR; };
		4B1E302C2EF16EDC00EB96A1 /* WidgetKit.framework */ = {isa = PBXFileReference; lastKnownFileType = wrapper.framework; name = WidgetKit.framework; path = System/Library/Frameworks/WidgetKit.framework; sourceTree = SDKROOT; };
		4B1E302E2EF16EDC00EB96A1 /* SwiftUI.framework */ = {isa = PBXFileReference; lastKnownFileType = wrapper.framework; name = SwiftUI.framework; path = System/Library/Frameworks/SwiftUI.framework; sourceTree = SDKROOT; };
		4B4640762F308262005E4F34 /* DamagoViewModelTests.xctest */ = {isa = PBXFileReference; explicitFileType = wrapper.cfbundle; includeInIndex = 0; path = DamagoViewModelTests.xctest; sourceTree = BUILT_PRODUCTS_DIR; };
		4B5FE2D42EF130B6005E31DA /* Damago.app */ = {isa = PBXFileReference; explicitFileType = wrapper.application; includeInIndex = 0; path = Damago.app; sourceTree = BUILT_PRODUCTS_DIR; };
		7AF280402F33102E00FCB3CF /* DamagoRepositoryTests.xctest */ = {isa = PBXFileReference; explicitFileType = wrapper.cfbundle; includeInIndex = 0; path = DamagoRepositoryTests.xctest; sourceTree = BUILT_PRODUCTS_DIR; };
/* End PBXFileReference section */

/* Begin PBXFileSystemSynchronizedBuildFileExceptionSet section */
		4B1E30432EF16EDD00EB96A1 /* Exceptions for "DamagoWidget" folder in "DamagoWidgetExtension" target */ = {
			isa = PBXFileSystemSynchronizedBuildFileExceptionSet;
			membershipExceptions = (
				Resources/Info.plist,
			);
			target = 4B1E30292EF16EDC00EB96A1 /* DamagoWidgetExtension */;
		};
		4B1E304C2EF1700E00EB96A1 /* Exceptions for "Shared" folder in "DamagoWidgetExtension" target */ = {
			isa = PBXFileSystemSynchronizedBuildFileExceptionSet;
			membershipExceptions = (
				AppGroupConstants.swift,
				AppGroupUserDefaults.swift,
				DamagoAttributes.swift,
				DamagoBackgroundColorOption.swift,
				"Date+.swift",
				"Font+.swift",
				KeychainSharingConstants.swift,
				"Spacing+.swift",
				"UIImage+.swift",
			);
			target = 4B1E30292EF16EDC00EB96A1 /* DamagoWidgetExtension */;
		};
		4B5FE2E62EF130B7005E31DA /* Exceptions for "Damago" folder in "Damago" target */ = {
			isa = PBXFileSystemSynchronizedBuildFileExceptionSet;
			membershipExceptions = (
				Resources/Info.plist,
			);
			target = 4B5FE2D32EF130B6005E31DA /* Damago */;
		};
		7A64CB892F19168E00FE6849 /* Exceptions for "DamagoWidget" folder in "Damago" target */ = {
			isa = PBXFileSystemSynchronizedBuildFileExceptionSet;
			membershipExceptions = (
				Sources/AppIntent/BackToIdleAppIntent.swift,
				Sources/AppIntent/ChoosePokeMessageAppIntent.swift,
				Sources/AppIntent/FeedAppIntent.swift,
				Sources/AppIntent/PokeAppIntent.swift,
				Sources/AppIntent/PokeWithMessageAppIntent.swift,
			);
			target = 4B5FE2D32EF130B6005E31DA /* Damago */;
		};
		7A95562E2F18ACAA00944B25 /* Exceptions for "Damago" folder in "DamagoWidgetExtension" target */ = {
			isa = PBXFileSystemSynchronizedBuildFileExceptionSet;
			membershipExceptions = (
				Resources/Assets.xcassets,
				Sources/Core/Assembly.swift,
				Sources/Core/DIContainer.swift,
				"Sources/Core/NotificationName+.swift",
				Sources/Core/SharedLogger.swift,
				Sources/Data/Services/TokenProvider.swift,
				Sources/Domain/Model/PokeShortcut.swift,
			);
			target = 4B1E30292EF16EDC00EB96A1 /* DamagoWidgetExtension */;
		};
/* End PBXFileSystemSynchronizedBuildFileExceptionSet section */

/* Begin PBXFileSystemSynchronizedRootGroup section */
		4B1E30302EF16EDC00EB96A1 /* DamagoWidget */ = {
			isa = PBXFileSystemSynchronizedRootGroup;
			exceptions = (
				7A64CB892F19168E00FE6849 /* Exceptions for "DamagoWidget" folder in "Damago" target */,
				4B1E30432EF16EDD00EB96A1 /* Exceptions for "DamagoWidget" folder in "DamagoWidgetExtension" target */,
			);
			path = DamagoWidget;
			sourceTree = "<group>";
		};
		4B1E304A2EF1700900EB96A1 /* Shared */ = {
			isa = PBXFileSystemSynchronizedRootGroup;
			exceptions = (
				4B1E304C2EF1700E00EB96A1 /* Exceptions for "Shared" folder in "DamagoWidgetExtension" target */,
			);
			path = Shared;
			sourceTree = "<group>";
		};
		4B4640772F308262005E4F34 /* DamagoViewModelTests */ = {
			isa = PBXFileSystemSynchronizedRootGroup;
			path = DamagoViewModelTests;
			sourceTree = "<group>";
		};
		4B5FE2D62EF130B6005E31DA /* Damago */ = {
			isa = PBXFileSystemSynchronizedRootGroup;
			exceptions = (
				4B5FE2E62EF130B7005E31DA /* Exceptions for "Damago" folder in "Damago" target */,
				7A95562E2F18ACAA00944B25 /* Exceptions for "Damago" folder in "DamagoWidgetExtension" target */,
			);
			path = Damago;
			sourceTree = "<group>";
		};
		7AF2847B2F33133300FCB3CF /* DamagoRepositoryTests */ = {
			isa = PBXFileSystemSynchronizedRootGroup;
			path = DamagoRepositoryTests;
			sourceTree = "<group>";
		};
/* End PBXFileSystemSynchronizedRootGroup section */

/* Begin PBXFrameworksBuildPhase section */
		4B1E30272EF16EDC00EB96A1 /* Frameworks */ = {
			isa = PBXFrameworksBuildPhase;
			buildActionMask = 2147483647;
			files = (
				4B1E302F2EF16EDC00EB96A1 /* SwiftUI.framework in Frameworks */,
				DFE8A4F52F17D3AF0008E70B /* FirebaseCore in Frameworks */,
				4B0AF1002F1518C000ED58FA /* DamagoNetwork in Frameworks */,
				4B1E302D2EF16EDC00EB96A1 /* WidgetKit.framework in Frameworks */,
				DFE8A4F32F17D3AF0008E70B /* FirebaseAuth in Frameworks */,
			);
			runOnlyForDeploymentPostprocessing = 0;
		};
		4B4640732F308262005E4F34 /* Frameworks */ = {
			isa = PBXFrameworksBuildPhase;
			buildActionMask = 2147483647;
			files = (
			);
			runOnlyForDeploymentPostprocessing = 0;
		};
		4B5FE2D12EF130B6005E31DA /* Frameworks */ = {
			isa = PBXFrameworksBuildPhase;
			buildActionMask = 2147483647;
			files = (
				DF2969742EF1564B0096DB9E /* FirebaseCore in Frameworks */,
				DF2969722EF1564B0096DB9E /* FirebaseAuth in Frameworks */,
				DF29697A2EF1564B0096DB9E /* FirebaseMessaging in Frameworks */,
				DF2969762EF1564B0096DB9E /* FirebaseFirestore in Frameworks */,
				4B0AF0FE2F1518BB00ED58FA /* DamagoNetwork in Frameworks */,
			);
			runOnlyForDeploymentPostprocessing = 0;
		};
		7AF2803D2F33102E00FCB3CF /* Frameworks */ = {
			isa = PBXFrameworksBuildPhase;
			buildActionMask = 2147483647;
			files = (
			);
			runOnlyForDeploymentPostprocessing = 0;
		};
/* End PBXFrameworksBuildPhase section */

/* Begin PBXGroup section */
		4B1E302B2EF16EDC00EB96A1 /* Frameworks */ = {
			isa = PBXGroup;
			children = (
				4B1E302C2EF16EDC00EB96A1 /* WidgetKit.framework */,
				4B1E302E2EF16EDC00EB96A1 /* SwiftUI.framework */,
			);
			name = Frameworks;
			sourceTree = "<group>";
		};
		4B5FE2CB2EF130B6005E31DA = {
			isa = PBXGroup;
			children = (
				2903EFF02F33673800CB0EF8 /* Damago.xctestplan */,
				4B0AF0FC2F15184E00ED58FA /* DamagoNetwork */,
				4B1E304A2EF1700900EB96A1 /* Shared */,
				4B5FE2D62EF130B6005E31DA /* Damago */,
				4B1E30302EF16EDC00EB96A1 /* DamagoWidget */,
				4B4640772F308262005E4F34 /* DamagoViewModelTests */,
				7AF2847B2F33133300FCB3CF /* DamagoRepositoryTests */,
				4B1E302B2EF16EDC00EB96A1 /* Frameworks */,
				4B5FE2D52EF130B6005E31DA /* Products */,
			);
			sourceTree = "<group>";
		};
		4B5FE2D52EF130B6005E31DA /* Products */ = {
			isa = PBXGroup;
			children = (
				4B5FE2D42EF130B6005E31DA /* Damago.app */,
				4B1E302A2EF16EDC00EB96A1 /* DamagoWidgetExtension.appex */,
				4B4640762F308262005E4F34 /* DamagoViewModelTests.xctest */,
				7AF280402F33102E00FCB3CF /* DamagoRepositoryTests.xctest */,
			);
			name = Products;
			sourceTree = "<group>";
		};
/* End PBXGroup section */

/* Begin PBXNativeTarget section */
		4B1E30292EF16EDC00EB96A1 /* DamagoWidgetExtension */ = {
			isa = PBXNativeTarget;
			buildConfigurationList = 4B1E30422EF16EDD00EB96A1 /* Build configuration list for PBXNativeTarget "DamagoWidgetExtension" */;
			buildPhases = (
				4B1E30262EF16EDC00EB96A1 /* Sources */,
				4B1E30272EF16EDC00EB96A1 /* Frameworks */,
				4B1E30282EF16EDC00EB96A1 /* Resources */,
				4B322B902F18EB0000BB30FC /* Setup Google Service */,
			);
			buildRules = (
			);
			dependencies = (
				4B0596532EF196EC00730D84 /* PBXTargetDependency */,
			);
			fileSystemSynchronizedGroups = (
				4B1E30302EF16EDC00EB96A1 /* DamagoWidget */,
			);
			name = DamagoWidgetExtension;
			packageProductDependencies = (
				4B0AF0FF2F1518C000ED58FA /* DamagoNetwork */,
				DFE8A4F22F17D3AF0008E70B /* FirebaseAuth */,
				DFE8A4F42F17D3AF0008E70B /* FirebaseCore */,
			);
			productName = DamagoWidgetExtension;
			productReference = 4B1E302A2EF16EDC00EB96A1 /* DamagoWidgetExtension.appex */;
			productType = "com.apple.product-type.app-extension";
		};
		4B4640752F308262005E4F34 /* DamagoViewModelTests */ = {
			isa = PBXNativeTarget;
			buildConfigurationList = 4B46407C2F308262005E4F34 /* Build configuration list for PBXNativeTarget "DamagoViewModelTests" */;
			buildPhases = (
				4B4640722F308262005E4F34 /* Sources */,
				4B4640732F308262005E4F34 /* Frameworks */,
				4B4640742F308262005E4F34 /* Resources */,
			);
			buildRules = (
			);
			dependencies = (
				4B46407B2F308262005E4F34 /* PBXTargetDependency */,
			);
			fileSystemSynchronizedGroups = (
				4B4640772F308262005E4F34 /* DamagoViewModelTests */,
			);
			name = DamagoViewModelTests;
			packageProductDependencies = (
			);
			productName = DamagoViewModelTests;
			productReference = 4B4640762F308262005E4F34 /* DamagoViewModelTests.xctest */;
			productType = "com.apple.product-type.bundle.unit-test";
		};
		4B5FE2D32EF130B6005E31DA /* Damago */ = {
			isa = PBXNativeTarget;
			buildConfigurationList = 4B5FE2E72EF130B7005E31DA /* Build configuration list for PBXNativeTarget "Damago" */;
			buildPhases = (
				4B5FE2D02EF130B6005E31DA /* Sources */,
				4B5FE2D12EF130B6005E31DA /* Frameworks */,
				4B5FE2D22EF130B6005E31DA /* Resources */,
				4B1E303F2EF16EDD00EB96A1 /* Embed Foundation Extensions */,
				4BA8C5C02F174976005BF767 /* Setup Google Service */,
			);
			buildRules = (
			);
			dependencies = (
				4B5FE4172EF139F6005E31DA /* PBXTargetDependency */,
				4B1E303D2EF16EDD00EB96A1 /* PBXTargetDependency */,
			);
			fileSystemSynchronizedGroups = (
				4B1E304A2EF1700900EB96A1 /* Shared */,
				4B5FE2D62EF130B6005E31DA /* Damago */,
			);
			name = Damago;
			packageProductDependencies = (
				DF2969712EF1564B0096DB9E /* FirebaseAuth */,
				DF2969732EF1564B0096DB9E /* FirebaseCore */,
				DF2969752EF1564B0096DB9E /* FirebaseFirestore */,
				DF2969792EF1564B0096DB9E /* FirebaseMessaging */,
				4B0AF0FD2F1518BB00ED58FA /* DamagoNetwork */,
			);
			productName = Damago;
			productReference = 4B5FE2D42EF130B6005E31DA /* Damago.app */;
			productType = "com.apple.product-type.application";
		};
		7AF2803F2F33102E00FCB3CF /* DamagoRepositoryTests */ = {
			isa = PBXNativeTarget;
			buildConfigurationList = 7AF280482F33102E00FCB3CF /* Build configuration list for PBXNativeTarget "DamagoRepositoryTests" */;
			buildPhases = (
				7AF2803C2F33102E00FCB3CF /* Sources */,
				7AF2803D2F33102E00FCB3CF /* Frameworks */,
				7AF2803E2F33102E00FCB3CF /* Resources */,
			);
			buildRules = (
			);
			dependencies = (
				7AF280452F33102E00FCB3CF /* PBXTargetDependency */,
			);
			fileSystemSynchronizedGroups = (
				7AF2847B2F33133300FCB3CF /* DamagoRepositoryTests */,
			);
			name = DamagoRepositoryTests;
			packageProductDependencies = (
			);
			productName = DamagoRepositoryTests;
			productReference = 7AF280402F33102E00FCB3CF /* DamagoRepositoryTests.xctest */;
			productType = "com.apple.product-type.bundle.unit-test";
		};
/* End PBXNativeTarget section */

/* Begin PBXProject section */
		4B5FE2CC2EF130B6005E31DA /* Project object */ = {
			isa = PBXProject;
			attributes = {
				BuildIndependentTargetsInParallel = 1;
				LastSwiftUpdateCheck = 2610;
				LastUpgradeCheck = 2610;
				TargetAttributes = {
					4B1E30292EF16EDC00EB96A1 = {
						CreatedOnToolsVersion = 26.1.1;
					};
					4B4640752F308262005E4F34 = {
						CreatedOnToolsVersion = 26.1.1;
						TestTargetID = 4B5FE2D32EF130B6005E31DA;
					};
					4B5FE2D32EF130B6005E31DA = {
						CreatedOnToolsVersion = 26.1.1;
					};
					7AF2803F2F33102E00FCB3CF = {
						CreatedOnToolsVersion = 26.1.1;
						TestTargetID = 4B5FE2D32EF130B6005E31DA;
					};
				};
			};
			buildConfigurationList = 4B5FE2CF2EF130B6005E31DA /* Build configuration list for PBXProject "Damago" */;
			developmentRegion = ko;
			hasScannedForEncodings = 0;
			knownRegions = (
				Base,
				ko,
			);
			mainGroup = 4B5FE2CB2EF130B6005E31DA;
			minimizedProjectReferenceProxies = 1;
			packageReferences = (
				4B5FE4152EF139EC005E31DA /* XCRemoteSwiftPackageReference "SwiftLintPlugins" */,
				DF2969702EF1564B0096DB9E /* XCRemoteSwiftPackageReference "firebase-ios-sdk" */,
			);
			preferredProjectObjectVersion = 77;
			productRefGroup = 4B5FE2D52EF130B6005E31DA /* Products */;
			projectDirPath = "";
			projectRoot = "";
			targets = (
				4B5FE2D32EF130B6005E31DA /* Damago */,
				4B1E30292EF16EDC00EB96A1 /* DamagoWidgetExtension */,
				4B4640752F308262005E4F34 /* DamagoViewModelTests */,
				7AF2803F2F33102E00FCB3CF /* DamagoRepositoryTests */,
			);
		};
/* End PBXProject section */

/* Begin PBXResourcesBuildPhase section */
		4B1E30282EF16EDC00EB96A1 /* Resources */ = {
			isa = PBXResourcesBuildPhase;
			buildActionMask = 2147483647;
			files = (
			);
			runOnlyForDeploymentPostprocessing = 0;
		};
		4B4640742F308262005E4F34 /* Resources */ = {
			isa = PBXResourcesBuildPhase;
			buildActionMask = 2147483647;
			files = (
			);
			runOnlyForDeploymentPostprocessing = 0;
		};
		4B5FE2D22EF130B6005E31DA /* Resources */ = {
			isa = PBXResourcesBuildPhase;
			buildActionMask = 2147483647;
			files = (
			);
			runOnlyForDeploymentPostprocessing = 0;
		};
		7AF2803E2F33102E00FCB3CF /* Resources */ = {
			isa = PBXResourcesBuildPhase;
			buildActionMask = 2147483647;
			files = (
			);
			runOnlyForDeploymentPostprocessing = 0;
		};
/* End PBXResourcesBuildPhase section */

/* Begin PBXShellScriptBuildPhase section */
		4B322B902F18EB0000BB30FC /* Setup Google Service */ = {
			isa = PBXShellScriptBuildPhase;
			alwaysOutOfDate = 1;
			buildActionMask = 2147483647;
			files = (
			);
			inputFileListPaths = (
			);
			inputPaths = (
			);
			name = "Setup Google Service";
			outputFileListPaths = (
			);
			outputPaths = (
			);
			runOnlyForDeploymentPostprocessing = 0;
			shellPath = /bin/sh;
			shellScript = "RESOURCE_PATH=\"${PROJECT_DIR}/Damago/Resources\"\n\nSOURCE_PLIST=\"${RESOURCE_PATH}/GoogleService-Info-Prod.plist\"\nif [ \"${CONFIGURATION}\" == \"Debug\" ]; then\n  SOURCE_PLIST=\"${RESOURCE_PATH}/GoogleService-Info-Dev.plist\"\nfi\n\nDESTINATION=\"${CONFIGURATION_BUILD_DIR}/${UNLOCALIZED_RESOURCES_FOLDER_PATH}/GoogleService-Info.plist\"\n\nif [ -f \"$SOURCE_PLIST\" ]; then\n  echo \"Copying ${SOURCE_PLIST} to ${DESTINATION}\"\n  cp \"${SOURCE_PLIST}\" \"${DESTINATION}\"\nelse\n  echo \"Error: Source file ${SOURCE_PLIST} not found!\"\n  exit 1\nfi\n";
		};
		4BA8C5C02F174976005BF767 /* Setup Google Service */ = {
			isa = PBXShellScriptBuildPhase;
			alwaysOutOfDate = 1;
			buildActionMask = 2147483647;
			files = (
			);
			inputFileListPaths = (
			);
			inputPaths = (
			);
			name = "Setup Google Service";
			outputFileListPaths = (
			);
			outputPaths = (
			);
			runOnlyForDeploymentPostprocessing = 0;
			shellPath = /bin/sh;
			shellScript = "RESOURCE_PATH=\"${PROJECT_DIR}/Damago/Resources\"\n\nSOURCE_PLIST=\"${RESOURCE_PATH}/GoogleService-Info-Prod.plist\"\nif [ \"${CONFIGURATION}\" == \"Debug\" ]; then\n  SOURCE_PLIST=\"${RESOURCE_PATH}/GoogleService-Info-Dev.plist\"\nfi\n\nDESTINATION=\"${CONFIGURATION_BUILD_DIR}/${UNLOCALIZED_RESOURCES_FOLDER_PATH}/GoogleService-Info.plist\"\n\nif [ -f \"$SOURCE_PLIST\" ]; then\n  echo \"Copying ${SOURCE_PLIST} to ${DESTINATION}\"\n  cp \"${SOURCE_PLIST}\" \"${DESTINATION}\"\nelse\n  echo \"Error: Source file ${SOURCE_PLIST} not found!\"\n  exit 1\nfi\n";
		};
/* End PBXShellScriptBuildPhase section */

/* Begin PBXSourcesBuildPhase section */
		4B1E30262EF16EDC00EB96A1 /* Sources */ = {
			isa = PBXSourcesBuildPhase;
			buildActionMask = 2147483647;
			files = (
			);
			runOnlyForDeploymentPostprocessing = 0;
		};
		4B4640722F308262005E4F34 /* Sources */ = {
			isa = PBXSourcesBuildPhase;
			buildActionMask = 2147483647;
			files = (
			);
			runOnlyForDeploymentPostprocessing = 0;
		};
		4B5FE2D02EF130B6005E31DA /* Sources */ = {
			isa = PBXSourcesBuildPhase;
			buildActionMask = 2147483647;
			files = (
			);
			runOnlyForDeploymentPostprocessing = 0;
		};
		7AF2803C2F33102E00FCB3CF /* Sources */ = {
			isa = PBXSourcesBuildPhase;
			buildActionMask = 2147483647;
			files = (
			);
			runOnlyForDeploymentPostprocessing = 0;
		};
/* End PBXSourcesBuildPhase section */

/* Begin PBXTargetDependency section */
		4B0596532EF196EC00730D84 /* PBXTargetDependency */ = {
			isa = PBXTargetDependency;
			productRef = 4B0596522EF196EC00730D84 /* SwiftLintBuildToolPlugin */;
		};
		4B1E303D2EF16EDD00EB96A1 /* PBXTargetDependency */ = {
			isa = PBXTargetDependency;
			target = 4B1E30292EF16EDC00EB96A1 /* DamagoWidgetExtension */;
			targetProxy = 4B1E303C2EF16EDD00EB96A1 /* PBXContainerItemProxy */;
		};
		4B46407B2F308262005E4F34 /* PBXTargetDependency */ = {
			isa = PBXTargetDependency;
			target = 4B5FE2D32EF130B6005E31DA /* Damago */;
			targetProxy = 4B46407A2F308262005E4F34 /* PBXContainerItemProxy */;
		};
		4B5FE4172EF139F6005E31DA /* PBXTargetDependency */ = {
			isa = PBXTargetDependency;
			productRef = 4B5FE4162EF139F6005E31DA /* SwiftLintBuildToolPlugin */;
		};
		7AF280452F33102E00FCB3CF /* PBXTargetDependency */ = {
			isa = PBXTargetDependency;
			target = 4B5FE2D32EF130B6005E31DA /* Damago */;
			targetProxy = 7AF280442F33102E00FCB3CF /* PBXContainerItemProxy */;
		};
/* End PBXTargetDependency section */

/* Begin XCBuildConfiguration section */
		4B1E30402EF16EDD00EB96A1 /* Debug */ = {
			isa = XCBuildConfiguration;
			buildSettings = {
				ASSETCATALOG_COMPILER_GLOBAL_ACCENT_COLOR_NAME = AccentColor;
				ASSETCATALOG_COMPILER_WIDGET_BACKGROUND_COLOR_NAME = WidgetBackground;
				CODE_SIGN_ENTITLEMENTS = DamagoWidget/Resources/DamagoWidgetExtension.entitlements;
				CODE_SIGN_STYLE = Automatic;
				CURRENT_PROJECT_VERSION = 1;
				DEVELOPMENT_TEAM = B3PWYBKFUK;
				ENABLE_USER_SCRIPT_SANDBOXING = NO;
				GENERATE_INFOPLIST_FILE = YES;
				INFOPLIST_FILE = DamagoWidget/Resources/Info.plist;
				INFOPLIST_KEY_CFBundleDisplayName = DamagoWidget;
				INFOPLIST_KEY_NSHumanReadableCopyright = "";
				IPHONEOS_DEPLOYMENT_TARGET = 17.0;
				LD_RUNPATH_SEARCH_PATHS = (
					"$(inherited)",
					"@executable_path/Frameworks",
					"@executable_path/../../Frameworks",
				);
				MARKETING_VERSION = 1.1.0;
				PRODUCT_BUNDLE_IDENTIFIER = kr.codesquad.boostcamp10.Damago.DamagoWidget;
				PRODUCT_NAME = "$(TARGET_NAME)";
				SKIP_INSTALL = YES;
				STRING_CATALOG_GENERATE_SYMBOLS = YES;
				SUPPORTED_PLATFORMS = "iphoneos iphonesimulator";
				SUPPORTS_MACCATALYST = NO;
				SUPPORTS_MAC_DESIGNED_FOR_IPHONE_IPAD = NO;
				SUPPORTS_XR_DESIGNED_FOR_IPHONE_IPAD = NO;
				SWIFT_APPROACHABLE_CONCURRENCY = YES;
				SWIFT_EMIT_LOC_STRINGS = YES;
				SWIFT_UPCOMING_FEATURE_MEMBER_IMPORT_VISIBILITY = YES;
				SWIFT_VERSION = 5.0;
				TARGETED_DEVICE_FAMILY = 1;
			};
			name = Debug;
		};
		4B1E30412EF16EDD00EB96A1 /* Release */ = {
			isa = XCBuildConfiguration;
			buildSettings = {
				ASSETCATALOG_COMPILER_GLOBAL_ACCENT_COLOR_NAME = AccentColor;
				ASSETCATALOG_COMPILER_WIDGET_BACKGROUND_COLOR_NAME = WidgetBackground;
				CODE_SIGN_ENTITLEMENTS = DamagoWidget/Resources/DamagoWidgetExtension.entitlements;
				CODE_SIGN_STYLE = Automatic;
				CURRENT_PROJECT_VERSION = 1;
				DEVELOPMENT_TEAM = B3PWYBKFUK;
				ENABLE_USER_SCRIPT_SANDBOXING = NO;
				GENERATE_INFOPLIST_FILE = YES;
				INFOPLIST_FILE = DamagoWidget/Resources/Info.plist;
				INFOPLIST_KEY_CFBundleDisplayName = DamagoWidget;
				INFOPLIST_KEY_NSHumanReadableCopyright = "";
				IPHONEOS_DEPLOYMENT_TARGET = 17.0;
				LD_RUNPATH_SEARCH_PATHS = (
					"$(inherited)",
					"@executable_path/Frameworks",
					"@executable_path/../../Frameworks",
				);
				MARKETING_VERSION = 1.1.0;
				PRODUCT_BUNDLE_IDENTIFIER = kr.codesquad.boostcamp10.Damago.DamagoWidget;
				PRODUCT_NAME = "$(TARGET_NAME)";
				SKIP_INSTALL = YES;
				STRING_CATALOG_GENERATE_SYMBOLS = YES;
				SUPPORTED_PLATFORMS = "iphoneos iphonesimulator";
				SUPPORTS_MACCATALYST = NO;
				SUPPORTS_MAC_DESIGNED_FOR_IPHONE_IPAD = NO;
				SUPPORTS_XR_DESIGNED_FOR_IPHONE_IPAD = NO;
				SWIFT_APPROACHABLE_CONCURRENCY = YES;
				SWIFT_EMIT_LOC_STRINGS = YES;
				SWIFT_UPCOMING_FEATURE_MEMBER_IMPORT_VISIBILITY = YES;
				SWIFT_VERSION = 5.0;
				TARGETED_DEVICE_FAMILY = 1;
			};
			name = Release;
		};
		4B46407D2F308262005E4F34 /* Debug */ = {
			isa = XCBuildConfiguration;
			buildSettings = {
				BUNDLE_LOADER = "$(TEST_HOST)";
				CODE_SIGN_STYLE = Automatic;
				CURRENT_PROJECT_VERSION = 1;
				DEVELOPMENT_TEAM = B3PWYBKFUK;
				GENERATE_INFOPLIST_FILE = YES;
				INFOPLIST_KEY_CFBundleDisplayName = "다마고";
				IPHONEOS_DEPLOYMENT_TARGET = 17.0;
				MARKETING_VERSION = 1.0;
				PRODUCT_BUNDLE_IDENTIFIER = JY.DamagoViewModelTests;
				PRODUCT_NAME = "$(TARGET_NAME)";
				STRING_CATALOG_GENERATE_SYMBOLS = NO;
				SWIFT_APPROACHABLE_CONCURRENCY = YES;
				SWIFT_EMIT_LOC_STRINGS = NO;
				SWIFT_UPCOMING_FEATURE_MEMBER_IMPORT_VISIBILITY = YES;
				SWIFT_VERSION = 5.0;
				TARGETED_DEVICE_FAMILY = "1,2";
				TEST_HOST = "$(BUILT_PRODUCTS_DIR)/Damago.app/$(BUNDLE_EXECUTABLE_FOLDER_PATH)/Damago";
			};
			name = Debug;
		};
		4B46407E2F308262005E4F34 /* Release */ = {
			isa = XCBuildConfiguration;
			buildSettings = {
				BUNDLE_LOADER = "$(TEST_HOST)";
				CODE_SIGN_STYLE = Automatic;
				CURRENT_PROJECT_VERSION = 1;
				DEVELOPMENT_TEAM = B3PWYBKFUK;
				GENERATE_INFOPLIST_FILE = YES;
				INFOPLIST_KEY_CFBundleDisplayName = "다마고";
				IPHONEOS_DEPLOYMENT_TARGET = 17.0;
				MARKETING_VERSION = 1.0;
				PRODUCT_BUNDLE_IDENTIFIER = JY.DamagoViewModelTests;
				PRODUCT_NAME = "$(TARGET_NAME)";
				STRING_CATALOG_GENERATE_SYMBOLS = NO;
				SWIFT_APPROACHABLE_CONCURRENCY = YES;
				SWIFT_EMIT_LOC_STRINGS = NO;
				SWIFT_UPCOMING_FEATURE_MEMBER_IMPORT_VISIBILITY = YES;
				SWIFT_VERSION = 5.0;
				TARGETED_DEVICE_FAMILY = "1,2";
				TEST_HOST = "$(BUILT_PRODUCTS_DIR)/Damago.app/$(BUNDLE_EXECUTABLE_FOLDER_PATH)/Damago";
			};
			name = Release;
		};
		4B5FE2E82EF130B7005E31DA /* Debug */ = {
			isa = XCBuildConfiguration;
			buildSettings = {
				ASSETCATALOG_COMPILER_APPICON_NAME = AppIcon;
				ASSETCATALOG_COMPILER_GLOBAL_ACCENT_COLOR_NAME = AccentColor;
				CODE_SIGN_ENTITLEMENTS = Damago/Resources/Damago.entitlements;
				CODE_SIGN_STYLE = Automatic;
				CURRENT_PROJECT_VERSION = 1;
				DEVELOPMENT_TEAM = B3PWYBKFUK;
				ENABLE_USER_SCRIPT_SANDBOXING = NO;
				GENERATE_INFOPLIST_FILE = YES;
				INFOPLIST_FILE = Damago/Resources/Info.plist;
				INFOPLIST_KEY_CFBundleDisplayName = "다마고";
				INFOPLIST_KEY_NSSupportsLiveActivities = YES;
				INFOPLIST_KEY_UIApplicationSupportsIndirectInputEvents = YES;
				INFOPLIST_KEY_UILaunchStoryboardName = LaunchScreen;
				INFOPLIST_KEY_UIMainStoryboardFile = "";
				INFOPLIST_KEY_UISupportedInterfaceOrientations = UIInterfaceOrientationPortrait;
				INFOPLIST_KEY_UISupportedInterfaceOrientations_iPad = "UIInterfaceOrientationLandscapeLeft UIInterfaceOrientationLandscapeRight UIInterfaceOrientationPortrait UIInterfaceOrientationPortraitUpsideDown";
				INFOPLIST_KEY_UIUserInterfaceStyle = Light;
				IPHONEOS_DEPLOYMENT_TARGET = 17.0;
				LD_RUNPATH_SEARCH_PATHS = (
					"$(inherited)",
					"@executable_path/Frameworks",
				);
				MARKETING_VERSION = 1.1.0;
				PRODUCT_BUNDLE_IDENTIFIER = kr.codesquad.boostcamp10.Damago;
				PRODUCT_NAME = "$(TARGET_NAME)";
				STRING_CATALOG_GENERATE_SYMBOLS = YES;
				SUPPORTED_PLATFORMS = "iphoneos iphonesimulator";
				SUPPORTS_MACCATALYST = NO;
				SUPPORTS_MAC_DESIGNED_FOR_IPHONE_IPAD = NO;
				SUPPORTS_XR_DESIGNED_FOR_IPHONE_IPAD = NO;
				SWIFT_APPROACHABLE_CONCURRENCY = YES;
				SWIFT_DEFAULT_ACTOR_ISOLATION = MainActor;
				SWIFT_EMIT_LOC_STRINGS = YES;
				SWIFT_UPCOMING_FEATURE_MEMBER_IMPORT_VISIBILITY = YES;
				SWIFT_VERSION = 5.0;
				TARGETED_DEVICE_FAMILY = 1;
			};
			name = Debug;
		};
		4B5FE2E92EF130B7005E31DA /* Release */ = {
			isa = XCBuildConfiguration;
			buildSettings = {
				ASSETCATALOG_COMPILER_APPICON_NAME = AppIcon;
				ASSETCATALOG_COMPILER_GLOBAL_ACCENT_COLOR_NAME = AccentColor;
				CODE_SIGN_ENTITLEMENTS = Damago/Resources/Damago.entitlements;
				CODE_SIGN_STYLE = Automatic;
				CURRENT_PROJECT_VERSION = 1;
				DEVELOPMENT_TEAM = B3PWYBKFUK;
				ENABLE_USER_SCRIPT_SANDBOXING = NO;
				GENERATE_INFOPLIST_FILE = YES;
				INFOPLIST_FILE = Damago/Resources/Info.plist;
				INFOPLIST_KEY_CFBundleDisplayName = "다마고";
				INFOPLIST_KEY_NSSupportsLiveActivities = YES;
				INFOPLIST_KEY_UIApplicationSupportsIndirectInputEvents = YES;
				INFOPLIST_KEY_UILaunchStoryboardName = LaunchScreen;
				INFOPLIST_KEY_UIMainStoryboardFile = "";
				INFOPLIST_KEY_UISupportedInterfaceOrientations = UIInterfaceOrientationPortrait;
				INFOPLIST_KEY_UISupportedInterfaceOrientations_iPad = "UIInterfaceOrientationLandscapeLeft UIInterfaceOrientationLandscapeRight UIInterfaceOrientationPortrait UIInterfaceOrientationPortraitUpsideDown";
				INFOPLIST_KEY_UIUserInterfaceStyle = Light;
				IPHONEOS_DEPLOYMENT_TARGET = 17.0;
				LD_RUNPATH_SEARCH_PATHS = (
					"$(inherited)",
					"@executable_path/Frameworks",
				);
				MARKETING_VERSION = 1.1.0;
				PRODUCT_BUNDLE_IDENTIFIER = kr.codesquad.boostcamp10.Damago;
				PRODUCT_NAME = "$(TARGET_NAME)";
				STRING_CATALOG_GENERATE_SYMBOLS = YES;
				SUPPORTED_PLATFORMS = "iphoneos iphonesimulator";
				SUPPORTS_MACCATALYST = NO;
				SUPPORTS_MAC_DESIGNED_FOR_IPHONE_IPAD = NO;
				SUPPORTS_XR_DESIGNED_FOR_IPHONE_IPAD = NO;
				SWIFT_APPROACHABLE_CONCURRENCY = YES;
				SWIFT_DEFAULT_ACTOR_ISOLATION = MainActor;
				SWIFT_EMIT_LOC_STRINGS = YES;
				SWIFT_UPCOMING_FEATURE_MEMBER_IMPORT_VISIBILITY = YES;
				SWIFT_VERSION = 5.0;
				TARGETED_DEVICE_FAMILY = 1;
			};
			name = Release;
		};
		4B5FE2EA2EF130B7005E31DA /* Debug */ = {
			isa = XCBuildConfiguration;
			buildSettings = {
				ALWAYS_SEARCH_USER_PATHS = NO;
				ASSETCATALOG_COMPILER_GENERATE_SWIFT_ASSET_SYMBOL_EXTENSIONS = YES;
				CLANG_ANALYZER_LOCALIZABILITY_NONLOCALIZED = YES;
				CLANG_ANALYZER_NONNULL = YES;
				CLANG_ANALYZER_NUMBER_OBJECT_CONVERSION = YES_AGGRESSIVE;
				CLANG_CXX_LANGUAGE_STANDARD = "gnu++20";
				CLANG_ENABLE_MODULES = YES;
				CLANG_ENABLE_OBJC_ARC = YES;
				CLANG_ENABLE_OBJC_WEAK = YES;
				CLANG_WARN_BLOCK_CAPTURE_AUTORELEASING = YES;
				CLANG_WARN_BOOL_CONVERSION = YES;
				CLANG_WARN_COMMA = YES;
				CLANG_WARN_CONSTANT_CONVERSION = YES;
				CLANG_WARN_DEPRECATED_OBJC_IMPLEMENTATIONS = YES;
				CLANG_WARN_DIRECT_OBJC_ISA_USAGE = YES_ERROR;
				CLANG_WARN_DOCUMENTATION_COMMENTS = YES;
				CLANG_WARN_EMPTY_BODY = YES;
				CLANG_WARN_ENUM_CONVERSION = YES;
				CLANG_WARN_INFINITE_RECURSION = YES;
				CLANG_WARN_INT_CONVERSION = YES;
				CLANG_WARN_NON_LITERAL_NULL_CONVERSION = YES;
				CLANG_WARN_OBJC_IMPLICIT_RETAIN_SELF = YES;
				CLANG_WARN_OBJC_LITERAL_CONVERSION = YES;
				CLANG_WARN_OBJC_ROOT_CLASS = YES_ERROR;
				CLANG_WARN_QUOTED_INCLUDE_IN_FRAMEWORK_HEADER = YES;
				CLANG_WARN_RANGE_LOOP_ANALYSIS = YES;
				CLANG_WARN_STRICT_PROTOTYPES = YES;
				CLANG_WARN_SUSPICIOUS_MOVE = YES;
				CLANG_WARN_UNGUARDED_AVAILABILITY = YES_AGGRESSIVE;
				CLANG_WARN_UNREACHABLE_CODE = YES;
				CLANG_WARN__DUPLICATE_METHOD_MATCH = YES;
				COPY_PHASE_STRIP = NO;
				DEBUG_INFORMATION_FORMAT = dwarf;
				DEVELOPMENT_TEAM = B3PWYBKFUK;
				ENABLE_STRICT_OBJC_MSGSEND = YES;
				ENABLE_TESTABILITY = YES;
				ENABLE_USER_SCRIPT_SANDBOXING = YES;
				GCC_C_LANGUAGE_STANDARD = gnu17;
				GCC_DYNAMIC_NO_PIC = NO;
				GCC_NO_COMMON_BLOCKS = YES;
				GCC_OPTIMIZATION_LEVEL = 0;
				GCC_PREPROCESSOR_DEFINITIONS = (
					"DEBUG=1",
					"$(inherited)",
				);
				GCC_WARN_64_TO_32_BIT_CONVERSION = YES;
				GCC_WARN_ABOUT_RETURN_TYPE = YES_ERROR;
				GCC_WARN_UNDECLARED_SELECTOR = YES;
				GCC_WARN_UNINITIALIZED_AUTOS = YES_AGGRESSIVE;
				GCC_WARN_UNUSED_FUNCTION = YES;
				GCC_WARN_UNUSED_VARIABLE = YES;
				INFOPLIST_KEY_CFBundleDisplayName = "다마고";
				IPHONEOS_DEPLOYMENT_TARGET = 17.0;
				LOCALIZATION_PREFERS_STRING_CATALOGS = YES;
				MTL_ENABLE_DEBUG_INFO = INCLUDE_SOURCE;
				MTL_FAST_MATH = YES;
				ONLY_ACTIVE_ARCH = YES;
				SDKROOT = iphoneos;
				SWIFT_ACTIVE_COMPILATION_CONDITIONS = "DEBUG $(inherited)";
				SWIFT_OPTIMIZATION_LEVEL = "-Onone";
			};
			name = Debug;
		};
		4B5FE2EB2EF130B7005E31DA /* Release */ = {
			isa = XCBuildConfiguration;
			buildSettings = {
				ALWAYS_SEARCH_USER_PATHS = NO;
				ASSETCATALOG_COMPILER_GENERATE_SWIFT_ASSET_SYMBOL_EXTENSIONS = YES;
				CLANG_ANALYZER_LOCALIZABILITY_NONLOCALIZED = YES;
				CLANG_ANALYZER_NONNULL = YES;
				CLANG_ANALYZER_NUMBER_OBJECT_CONVERSION = YES_AGGRESSIVE;
				CLANG_CXX_LANGUAGE_STANDARD = "gnu++20";
				CLANG_ENABLE_MODULES = YES;
				CLANG_ENABLE_OBJC_ARC = YES;
				CLANG_ENABLE_OBJC_WEAK = YES;
				CLANG_WARN_BLOCK_CAPTURE_AUTORELEASING = YES;
				CLANG_WARN_BOOL_CONVERSION = YES;
				CLANG_WARN_COMMA = YES;
				CLANG_WARN_CONSTANT_CONVERSION = YES;
				CLANG_WARN_DEPRECATED_OBJC_IMPLEMENTATIONS = YES;
				CLANG_WARN_DIRECT_OBJC_ISA_USAGE = YES_ERROR;
				CLANG_WARN_DOCUMENTATION_COMMENTS = YES;
				CLANG_WARN_EMPTY_BODY = YES;
				CLANG_WARN_ENUM_CONVERSION = YES;
				CLANG_WARN_INFINITE_RECURSION = YES;
				CLANG_WARN_INT_CONVERSION = YES;
				CLANG_WARN_NON_LITERAL_NULL_CONVERSION = YES;
				CLANG_WARN_OBJC_IMPLICIT_RETAIN_SELF = YES;
				CLANG_WARN_OBJC_LITERAL_CONVERSION = YES;
				CLANG_WARN_OBJC_ROOT_CLASS = YES_ERROR;
				CLANG_WARN_QUOTED_INCLUDE_IN_FRAMEWORK_HEADER = YES;
				CLANG_WARN_RANGE_LOOP_ANALYSIS = YES;
				CLANG_WARN_STRICT_PROTOTYPES = YES;
				CLANG_WARN_SUSPICIOUS_MOVE = YES;
				CLANG_WARN_UNGUARDED_AVAILABILITY = YES_AGGRESSIVE;
				CLANG_WARN_UNREACHABLE_CODE = YES;
				CLANG_WARN__DUPLICATE_METHOD_MATCH = YES;
				COPY_PHASE_STRIP = NO;
				DEBUG_INFORMATION_FORMAT = "dwarf-with-dsym";
				DEVELOPMENT_TEAM = B3PWYBKFUK;
				ENABLE_NS_ASSERTIONS = NO;
				ENABLE_STRICT_OBJC_MSGSEND = YES;
				ENABLE_USER_SCRIPT_SANDBOXING = YES;
				GCC_C_LANGUAGE_STANDARD = gnu17;
				GCC_NO_COMMON_BLOCKS = YES;
				GCC_WARN_64_TO_32_BIT_CONVERSION = YES;
				GCC_WARN_ABOUT_RETURN_TYPE = YES_ERROR;
				GCC_WARN_UNDECLARED_SELECTOR = YES;
				GCC_WARN_UNINITIALIZED_AUTOS = YES_AGGRESSIVE;
				GCC_WARN_UNUSED_FUNCTION = YES;
				GCC_WARN_UNUSED_VARIABLE = YES;
				INFOPLIST_KEY_CFBundleDisplayName = "다마고";
				IPHONEOS_DEPLOYMENT_TARGET = 17.0;
				LOCALIZATION_PREFERS_STRING_CATALOGS = YES;
				MTL_ENABLE_DEBUG_INFO = NO;
				MTL_FAST_MATH = YES;
				SDKROOT = iphoneos;
				SWIFT_COMPILATION_MODE = wholemodule;
				VALIDATE_PRODUCT = YES;
			};
			name = Release;
		};
		7AF280462F33102E00FCB3CF /* Debug */ = {
			isa = XCBuildConfiguration;
			buildSettings = {
				BUNDLE_LOADER = "$(TEST_HOST)";
				CODE_SIGN_STYLE = Automatic;
				CURRENT_PROJECT_VERSION = 1;
				DEVELOPMENT_TEAM = B3PWYBKFUK;
				GENERATE_INFOPLIST_FILE = YES;
				IPHONEOS_DEPLOYMENT_TARGET = 17.0;
				MARKETING_VERSION = 1.0;
				PRODUCT_BUNDLE_IDENTIFIER = landelyse.DamagoRepositoryTests;
				PRODUCT_NAME = "$(TARGET_NAME)";
				STRING_CATALOG_GENERATE_SYMBOLS = NO;
				SWIFT_APPROACHABLE_CONCURRENCY = YES;
				SWIFT_EMIT_LOC_STRINGS = NO;
				SWIFT_UPCOMING_FEATURE_MEMBER_IMPORT_VISIBILITY = YES;
				SWIFT_VERSION = 5.0;
				TARGETED_DEVICE_FAMILY = "1,2";
				TEST_HOST = "$(BUILT_PRODUCTS_DIR)/Damago.app/$(BUNDLE_EXECUTABLE_FOLDER_PATH)/Damago";
			};
			name = Debug;
		};
		7AF280472F33102E00FCB3CF /* Release */ = {
			isa = XCBuildConfiguration;
			buildSettings = {
				BUNDLE_LOADER = "$(TEST_HOST)";
				CODE_SIGN_STYLE = Automatic;
				CURRENT_PROJECT_VERSION = 1;
				DEVELOPMENT_TEAM = B3PWYBKFUK;
				GENERATE_INFOPLIST_FILE = YES;
				IPHONEOS_DEPLOYMENT_TARGET = 17.0;
				MARKETING_VERSION = 1.0;
				PRODUCT_BUNDLE_IDENTIFIER = landelyse.DamagoRepositoryTests;
				PRODUCT_NAME = "$(TARGET_NAME)";
				STRING_CATALOG_GENERATE_SYMBOLS = NO;
				SWIFT_APPROACHABLE_CONCURRENCY = YES;
				SWIFT_EMIT_LOC_STRINGS = NO;
				SWIFT_UPCOMING_FEATURE_MEMBER_IMPORT_VISIBILITY = YES;
				SWIFT_VERSION = 5.0;
				TARGETED_DEVICE_FAMILY = "1,2";
				TEST_HOST = "$(BUILT_PRODUCTS_DIR)/Damago.app/$(BUNDLE_EXECUTABLE_FOLDER_PATH)/Damago";
			};
			name = Release;
		};
/* End XCBuildConfiguration section */

/* Begin XCConfigurationList section */
		4B1E30422EF16EDD00EB96A1 /* Build configuration list for PBXNativeTarget "DamagoWidgetExtension" */ = {
			isa = XCConfigurationList;
			buildConfigurations = (
				4B1E30402EF16EDD00EB96A1 /* Debug */,
				4B1E30412EF16EDD00EB96A1 /* Release */,
			);
			defaultConfigurationIsVisible = 0;
			defaultConfigurationName = Release;
		};
		4B46407C2F308262005E4F34 /* Build configuration list for PBXNativeTarget "DamagoViewModelTests" */ = {
			isa = XCConfigurationList;
			buildConfigurations = (
				4B46407D2F308262005E4F34 /* Debug */,
				4B46407E2F308262005E4F34 /* Release */,
			);
			defaultConfigurationIsVisible = 0;
			defaultConfigurationName = Release;
		};
		4B5FE2CF2EF130B6005E31DA /* Build configuration list for PBXProject "Damago" */ = {
			isa = XCConfigurationList;
			buildConfigurations = (
				4B5FE2EA2EF130B7005E31DA /* Debug */,
				4B5FE2EB2EF130B7005E31DA /* Release */,
			);
			defaultConfigurationIsVisible = 0;
			defaultConfigurationName = Release;
		};
		4B5FE2E72EF130B7005E31DA /* Build configuration list for PBXNativeTarget "Damago" */ = {
			isa = XCConfigurationList;
			buildConfigurations = (
				4B5FE2E82EF130B7005E31DA /* Debug */,
				4B5FE2E92EF130B7005E31DA /* Release */,
			);
			defaultConfigurationIsVisible = 0;
			defaultConfigurationName = Release;
		};
		7AF280482F33102E00FCB3CF /* Build configuration list for PBXNativeTarget "DamagoRepositoryTests" */ = {
			isa = XCConfigurationList;
			buildConfigurations = (
				7AF280462F33102E00FCB3CF /* Debug */,
				7AF280472F33102E00FCB3CF /* Release */,
			);
			defaultConfigurationIsVisible = 0;
			defaultConfigurationName = Release;
		};
/* End XCConfigurationList section */

/* Begin XCRemoteSwiftPackageReference section */
		4B5FE4152EF139EC005E31DA /* XCRemoteSwiftPackageReference "SwiftLintPlugins" */ = {
			isa = XCRemoteSwiftPackageReference;
			repositoryURL = "https://github.com/SimplyDanny/SwiftLintPlugins";
			requirement = {
				kind = upToNextMajorVersion;
				minimumVersion = 0.62.2;
			};
		};
		DF2969702EF1564B0096DB9E /* XCRemoteSwiftPackageReference "firebase-ios-sdk" */ = {
			isa = XCRemoteSwiftPackageReference;
			repositoryURL = "https://github.com/firebase/firebase-ios-sdk";
			requirement = {
				kind = upToNextMajorVersion;
				minimumVersion = 12.7.0;
			};
		};
/* End XCRemoteSwiftPackageReference section */

/* Begin XCSwiftPackageProductDependency section */
		4B0596522EF196EC00730D84 /* SwiftLintBuildToolPlugin */ = {
			isa = XCSwiftPackageProductDependency;
			package = 4B5FE4152EF139EC005E31DA /* XCRemoteSwiftPackageReference "SwiftLintPlugins" */;
			productName = "plugin:SwiftLintBuildToolPlugin";
		};
		4B0AF0FD2F1518BB00ED58FA /* DamagoNetwork */ = {
			isa = XCSwiftPackageProductDependency;
			productName = DamagoNetwork;
		};
		4B0AF0FF2F1518C000ED58FA /* DamagoNetwork */ = {
			isa = XCSwiftPackageProductDependency;
			productName = DamagoNetwork;
		};
		4B5FE4162EF139F6005E31DA /* SwiftLintBuildToolPlugin */ = {
			isa = XCSwiftPackageProductDependency;
			package = 4B5FE4152EF139EC005E31DA /* XCRemoteSwiftPackageReference "SwiftLintPlugins" */;
			productName = "plugin:SwiftLintBuildToolPlugin";
		};
		DF2969712EF1564B0096DB9E /* FirebaseAuth */ = {
			isa = XCSwiftPackageProductDependency;
			package = DF2969702EF1564B0096DB9E /* XCRemoteSwiftPackageReference "firebase-ios-sdk" */;
			productName = FirebaseAuth;
		};
		DF2969732EF1564B0096DB9E /* FirebaseCore */ = {
			isa = XCSwiftPackageProductDependency;
			package = DF2969702EF1564B0096DB9E /* XCRemoteSwiftPackageReference "firebase-ios-sdk" */;
			productName = FirebaseCore;
		};
		DF2969752EF1564B0096DB9E /* FirebaseFirestore */ = {
			isa = XCSwiftPackageProductDependency;
			package = DF2969702EF1564B0096DB9E /* XCRemoteSwiftPackageReference "firebase-ios-sdk" */;
			productName = FirebaseFirestore;
		};
		DF2969792EF1564B0096DB9E /* FirebaseMessaging */ = {
			isa = XCSwiftPackageProductDependency;
			package = DF2969702EF1564B0096DB9E /* XCRemoteSwiftPackageReference "firebase-ios-sdk" */;
			productName = FirebaseMessaging;
		};
		DFE8A4F22F17D3AF0008E70B /* FirebaseAuth */ = {
			isa = XCSwiftPackageProductDependency;
			package = DF2969702EF1564B0096DB9E /* XCRemoteSwiftPackageReference "firebase-ios-sdk" */;
			productName = FirebaseAuth;
		};
		DFE8A4F42F17D3AF0008E70B /* FirebaseCore */ = {
			isa = XCSwiftPackageProductDependency;
			package = DF2969702EF1564B0096DB9E /* XCRemoteSwiftPackageReference "firebase-ios-sdk" */;
			productName = FirebaseCore;
		};
/* End XCSwiftPackageProductDependency section */
	};
	rootObject = 4B5FE2CC2EF130B6005E31DA /* Project object */;
}
